
Microsoft Visual Studio Solution File, Format Version 12.00
# Visual Studio 15
VisualStudioVersion = 15.0.28010.2048
MinimumVisualStudioVersion = 10.0.40219.1
Project("{FAE04EC0-301F-11D3-BF4B-00C04F79EFBC}") = "Messages.Mail", "..\Messages.Mail\Messages.Mail.csproj", "{E392178C-B5B1-43A5-A891-32ED7E852F9A}"
EndProject
Project("{FAE04EC0-301F-11D3-BF4B-00C04F79EFBC}") = "Messages.Base", "Messages.Base\Messages.Base.csproj", "{1E338A50-4F5D-4754-BBE9-A3C99A3E2147}"
EndProject
Project("{FAE04EC0-301F-11D3-BF4B-00C04F79EFBC}") = "ServiceBus", "ServiceBus\ServiceBus.csproj", "{7F489F02-EBFA-4349-95C1-B0E4F3C97571}"
EndProject
Global
	GlobalSection(SolutionConfigurationPlatforms) = preSolution
		Debug|Any CPU = Debug|Any CPU
		Release|Any CPU = Release|Any CPU
	EndGlobalSection
	GlobalSection(ProjectConfigurationPlatforms) = postSolution
		{E392178C-B5B1-43A5-A891-32ED7E852F9A}.Debug|Any CPU.ActiveCfg = Debug|Any CPU
		{E392178C-B5B1-43A5-A891-32ED7E852F9A}.Debug|Any CPU.Build.0 = Debug|Any CPU
		{E392178C-B5B1-43A5-A891-32ED7E852F9A}.Release|Any CPU.ActiveCfg = Release|Any CPU
		{E392178C-B5B1-43A5-A891-32ED7E852F9A}.Release|Any CPU.Build.0 = Release|Any CPU
		{1E338A50-4F5D-4754-BBE9-A3C99A3E2147}.Debug|Any CPU.ActiveCfg = Debug|Any CPU
		{1E338A50-4F5D-4754-BBE9-A3C99A3E2147}.Debug|Any CPU.Build.0 = Debug|Any CPU
		{1E338A50-4F5D-4754-BBE9-A3C99A3E2147}.Release|Any CPU.ActiveCfg = Release|Any CPU
		{1E338A50-4F5D-4754-BBE9-A3C99A3E2147}.Release|Any CPU.Build.0 = Release|Any CPU
		{7F489F02-EBFA-4349-95C1-B0E4F3C97571}.Debug|Any CPU.ActiveCfg = Debug|Any CPU
		{7F489F02-EBFA-4349-95C1-B0E4F3C97571}.Debug|Any CPU.Build.0 = Debug|Any CPU
		{7F489F02-EBFA-4349-95C1-B0E4F3C97571}.Release|Any CPU.ActiveCfg = Release|Any CPU
		{7F489F02-EBFA-4349-95C1-B0E4F3C97571}.Release|Any CPU.Build.0 = Release|Any CPU
	EndGlobalSection
	GlobalSection(SolutionProperties) = preSolution
		HideSolutionNode = FALSE
	EndGlobalSection
	GlobalSection(ExtensibilityGlobals) = postSolution
		SolutionGuid = {9436A718-D38B-43A0-A892-00552387721E}
	EndGlobalSection
EndGlobal
